# This file is automatically @generated by Cargo.
# It is not intended for manual editing.
version = 3

[[package]]
name = "crossterm"
version = "0.9.6"
source = "registry+https://github.com/rust-lang/crates.io-index"
checksum = "21ac79357981b3c35917a377e6138729b66316db7649f9f96fbb517bb02361e5"
dependencies = [
 "crossterm_cursor",
 "crossterm_input",
 "crossterm_screen",
 "crossterm_terminal",
 "crossterm_utils",
]

[[package]]
name = "crossterm_cursor"
version = "0.2.4"
source = "registry+https://github.com/rust-lang/crates.io-index"
checksum = "4b8ddb43937bfafbe07d349ee9497754ceac818ee872116afccb076f2de28d3d"
dependencies = [
 "crossterm_utils",
 "crossterm_winapi",
 "winapi",
]

[[package]]
name = "crossterm_input"
version = "0.3.6"
source = "registry+https://github.com/rust-lang/crates.io-index"
checksum = "a23a71b51ddc8f74e13e341179b1a26b20f0030d14ff8fbdd9da45fd0e342bc5"
dependencies = [
 "crossterm_screen",
 "crossterm_utils",
 "crossterm_winapi",
 "libc",
 "winapi",
]

[[package]]
name = "crossterm_screen"
version = "0.2.3"
source = "registry+https://github.com/rust-lang/crates.io-index"
checksum = "90889b9f1d7867a583dede34deab1e32a10379e9eb70d920ca7895e144aa6d65"
dependencies = [
 "crossterm_utils",
 "crossterm_winapi",
 "winapi",
]

[[package]]
name = "crossterm_terminal"
version = "0.2.4"
source = "registry+https://github.com/rust-lang/crates.io-index"
checksum = "18792c97c5cdcc5fd3582df58188a793bf290af4a53d5fc8442c7d17e003b356"
dependencies = [
 "crossterm_cursor",
 "crossterm_utils",
 "crossterm_winapi",
 "libc",
]

[[package]]
name = "crossterm_utils"
version = "0.2.3"
source = "registry+https://github.com/rust-lang/crates.io-index"
checksum = "8321d40908d0ee77cb29335f591eae2b4f7225152f81b9dfa35a161ca3b077dc"
dependencies = [
 "crossterm_winapi",
 "libc",
 "winapi",
]

[[package]]
name = "crossterm_winapi"
version = "0.1.4"
source = "registry+https://github.com/rust-lang/crates.io-index"
checksum = "8c061e4a1c47a53952ba0f2396c00a61cd7ab74482eba99b9c9cc77fdca71932"
dependencies = [
 "winapi",
]

[[package]]
name = "getopts"
version = "0.2.19"
source = "registry+https://github.com/rust-lang/crates.io-index"
checksum = "72327b15c228bfe31f1390f93dd5e9279587f0463836393c9df719ce62a3e450"
dependencies = [
 "unicode-width",
]

[[package]]
name = "libc"
version = "0.2.58"
source = "registry+https://github.com/rust-lang/crates.io-index"
checksum = "6281b86796ba5e4366000be6e9e18bf35580adf9e63fbe2294aadb587613a319"

[[package]]
name = "sl-rs"
version = "2.0.1"
dependencies = [
 "crossterm",
 "getopts",
]

[[package]]
name = "unicode-width"
version = "0.1.5"
source = "registry+https://github.com/rust-lang/crates.io-index"
checksum = "882386231c45df4700b275c7ff55b6f3698780a650026380e72dabe76fa46526"

[[package]]
name = "winapi"
version = "0.3.7"
source = "registry+https://github.com/rust-lang/crates.io-index"
checksum = "f10e386af2b13e47c89e7236a7a14a086791a2b88ebad6df9bf42040195cf770"
dependencies = [
 "winapi-i686-pc-windows-gnu",
 "winapi-x86_64-pc-windows-gnu",
]

[[package]]
name = "winapi-i686-pc-windows-gnu"
version = "0.4.0"
source = "registry+https://github.com/rust-lang/crates.io-index"
checksum = "ac3b87c63620426dd9b991e5ce0329eff545bccbbb34f3be09ff6fb6ab51b7b6"

[[package]]
name = "winapi-x86_64-pc-windows-gnu"
version = "0.4.0"
source = "registry+https://github.com/rust-lang/crates.io-index"
checksum = "712e227841d057c1ee1cd2fb22fa7e5a5461ae8e48fa2ca79ec42cfc1931183f"
